
Microsoft Visual Studio Solution File, Format Version 12.00
# Visual Studio Version 17
VisualStudioVersion = 17.0.31903.59
MinimumVisualStudioVersion = 10.0.40219.1
Project("{2150E333-8FDC-42A3-9474-1A3956D46DE8}") = "src", "src", "{F6310B7A-DE30-42D0-85C1-4E8D76001119}"
EndProject
Project("{FAE04EC0-301F-11D3-BF4B-00C04F79EFBC}") = "BestAgent.Api", "src\BestAgent.Api\BestAgent.Api.csproj", "{95F260C0-54B5-4BE9-8B3A-0446039AF0AB}"
EndProject
Project("{FAE04EC0-301F-11D3-BF4B-00C04F79EFBC}") = "BestAgent.Application", "src\BestAgent.Application\BestAgent.Application.csproj", "{DF149FAF-851F-415F-AEB4-B9C239E2ACA8}"
EndProject
Project("{FAE04EC0-301F-11D3-BF4B-00C04F79EFBC}") = "BestAgent.Domain", "src\BestAgent.Domain\BestAgent.Domain.csproj", "{59E9912A-D0F3-43D2-B1DA-E3C6B4114C88}"
EndProject
Project("{FAE04EC0-301F-11D3-BF4B-00C04F79EFBC}") = "BestAgent.Infrastructure", "src\BestAgent.Infrastructure\BestAgent.Infrastructure.csproj", "{8FEE8C10-90D3-47AA-8670-20F7DB95DD8C}"
EndProject
Project("{FAE04EC0-301F-11D3-BF4B-00C04F79EFBC}") = "BestAgent.Contracts", "src\BestAgent.Contracts\BestAgent.Contracts.csproj", "{23115E7B-4E55-46A8-B2A2-216D10D6310D}"
EndProject
Project("{2150E333-8FDC-42A3-9474-1A3956D46DE8}") = "tests", "tests", "{6614F89E-9EA9-4AF2-95DF-2FE17B970501}"
EndProject
Project("{FAE04EC0-301F-11D3-BF4B-00C04F79EFBC}") = "BestAgent.UnitTests", "tests\BestAgent.UnitTests\BestAgent.UnitTests.csproj", "{4285FF0D-5B5D-4FFE-BB61-A19856A10129}"
EndProject
Project("{FAE04EC0-301F-11D3-BF4B-00C04F79EFBC}") = "BestAgent.IntegrationTests", "tests\BestAgent.IntegrationTests\BestAgent.IntegrationTests.csproj", "{B1A61444-DB95-4181-AF2B-2B4756424457}"
EndProject
Global
	GlobalSection(SolutionConfigurationPlatforms) = preSolution
		Debug|Any CPU = Debug|Any CPU
		Release|Any CPU = Release|Any CPU
	EndGlobalSection
	GlobalSection(SolutionProperties) = preSolution
		HideSolutionNode = FALSE
	EndGlobalSection
	GlobalSection(ProjectConfigurationPlatforms) = postSolution
		{95F260C0-54B5-4BE9-8B3A-0446039AF0AB}.Debug|Any CPU.ActiveCfg = Debug|Any CPU
		{95F260C0-54B5-4BE9-8B3A-0446039AF0AB}.Debug|Any CPU.Build.0 = Debug|Any CPU
		{95F260C0-54B5-4BE9-8B3A-0446039AF0AB}.Release|Any CPU.ActiveCfg = Release|Any CPU
		{95F260C0-54B5-4BE9-8B3A-0446039AF0AB}.Release|Any CPU.Build.0 = Release|Any CPU
		{DF149FAF-851F-415F-AEB4-B9C239E2ACA8}.Debug|Any CPU.ActiveCfg = Debug|Any CPU
		{DF149FAF-851F-415F-AEB4-B9C239E2ACA8}.Debug|Any CPU.Build.0 = Debug|Any CPU
		{DF149FAF-851F-415F-AEB4-B9C239E2ACA8}.Release|Any CPU.ActiveCfg = Release|Any CPU
		{DF149FAF-851F-415F-AEB4-B9C239E2ACA8}.Release|Any CPU.Build.0 = Release|Any CPU
		{59E9912A-D0F3-43D2-B1DA-E3C6B4114C88}.Debug|Any CPU.ActiveCfg = Debug|Any CPU
		{59E9912A-D0F3-43D2-B1DA-E3C6B4114C88}.Debug|Any CPU.Build.0 = Debug|Any CPU
		{59E9912A-D0F3-43D2-B1DA-E3C6B4114C88}.Release|Any CPU.ActiveCfg = Release|Any CPU
		{59E9912A-D0F3-43D2-B1DA-E3C6B4114C88}.Release|Any CPU.Build.0 = Release|Any CPU
		{8FEE8C10-90D3-47AA-8670-20F7DB95DD8C}.Debug|Any CPU.ActiveCfg = Debug|Any CPU
		{8FEE8C10-90D3-47AA-8670-20F7DB95DD8C}.Debug|Any CPU.Build.0 = Debug|Any CPU
		{8FEE8C10-90D3-47AA-8670-20F7DB95DD8C}.Release|Any CPU.ActiveCfg = Release|Any CPU
		{8FEE8C10-90D3-47AA-8670-20F7DB95DD8C}.Release|Any CPU.Build.0 = Release|Any CPU
		{23115E7B-4E55-46A8-B2A2-216D10D6310D}.Debug|Any CPU.ActiveCfg = Debug|Any CPU
		{23115E7B-4E55-46A8-B2A2-216D10D6310D}.Debug|Any CPU.Build.0 = Debug|Any CPU
		{23115E7B-4E55-46A8-B2A2-216D10D6310D}.Release|Any CPU.ActiveCfg = Release|Any CPU
		{23115E7B-4E55-46A8-B2A2-216D10D6310D}.Release|Any CPU.Build.0 = Release|Any CPU
		{4285FF0D-5B5D-4FFE-BB61-A19856A10129}.Debug|Any CPU.ActiveCfg = Debug|Any CPU
		{4285FF0D-5B5D-4FFE-BB61-A19856A10129}.Debug|Any CPU.Build.0 = Debug|Any CPU
		{4285FF0D-5B5D-4FFE-BB61-A19856A10129}.Release|Any CPU.ActiveCfg = Release|Any CPU
		{4285FF0D-5B5D-4FFE-BB61-A19856A10129}.Release|Any CPU.Build.0 = Release|Any CPU
		{B1A61444-DB95-4181-AF2B-2B4756424457}.Debug|Any CPU.ActiveCfg = Debug|Any CPU
		{B1A61444-DB95-4181-AF2B-2B4756424457}.Debug|Any CPU.Build.0 = Debug|Any CPU
		{B1A61444-DB95-4181-AF2B-2B4756424457}.Release|Any CPU.ActiveCfg = Release|Any CPU
		{B1A61444-DB95-4181-AF2B-2B4756424457}.Release|Any CPU.Build.0 = Release|Any CPU
	EndGlobalSection
	GlobalSection(NestedProjects) = preSolution
		{95F260C0-54B5-4BE9-8B3A-0446039AF0AB} = {F6310B7A-DE30-42D0-85C1-4E8D76001119}
		{DF149FAF-851F-415F-AEB4-B9C239E2ACA8} = {F6310B7A-DE30-42D0-85C1-4E8D76001119}
		{59E9912A-D0F3-43D2-B1DA-E3C6B4114C88} = {F6310B7A-DE30-42D0-85C1-4E8D76001119}
		{8FEE8C10-90D3-47AA-8670-20F7DB95DD8C} = {F6310B7A-DE30-42D0-85C1-4E8D76001119}
		{23115E7B-4E55-46A8-B2A2-216D10D6310D} = {F6310B7A-DE30-42D0-85C1-4E8D76001119}
		{4285FF0D-5B5D-4FFE-BB61-A19856A10129} = {6614F89E-9EA9-4AF2-95DF-2FE17B970501}
		{B1A61444-DB95-4181-AF2B-2B4756424457} = {6614F89E-9EA9-4AF2-95DF-2FE17B970501}
	EndGlobalSection
EndGlobal
